
Microsoft Visual Studio Solution File, Format Version 12.00
# Visual Studio Version 17
VisualStudioVersion = 17.12.35707.178
MinimumVisualStudioVersion = 10.0.40219.1
Project("{FAE04EC0-301F-11D3-BF4B-00C04F79EFBC}") = "IL2DCE", "IL2DCE\IL2DCE.csproj", "{22442D49-0A77-4CBE-A1F3-9806958C10AE}"
EndProject
Project("{FAE04EC0-301F-11D3-BF4B-00C04F79EFBC}") = "IL2DCE.Game", "IL2DCE.Game\IL2DCE.Game.csproj", "{8E3CAD9B-322D-4ACF-9DEE-1609814111DB}"
EndProject
Project("{FAE04EC0-301F-11D3-BF4B-00C04F79EFBC}") = "IL2DCE.Mission", "IL2DCE.Mission\IL2DCE.Mission.csproj", "{75E92407-3D44-4802-A09A-5ED7E6FEBC12}"
EndProject
Project("{FAE04EC0-301F-11D3-BF4B-00C04F79EFBC}") = "IL2DCE.Pages", "IL2DCE.Pages\IL2DCE.Pages.csproj", "{ECBA2DA0-44D1-4449-9240-E57F07460A14}"
EndProject
Project("{54435603-DBB4-11D2-8724-00A0C9A8B90C}") = "SetupIL2DCE", "SetupIL2DCE\SetupIL2DCE.vdproj", "{3D87D950-DFCE-C98F-A1B8-70E25A411D3C}"
EndProject
Project("{2150E333-8FDC-42A3-9474-1A3956D46DE8}") = "Campaigns", "Campaigns", "{DDB4EF12-CC4E-5E88-E6FC-71A802F4DE97}"
	ProjectSection(SolutionItems) = preProject
		Campaigns\AircraftInfo.ini = Campaigns\AircraftInfo.ini
		Campaigns\AirGroupInfo.ini = Campaigns\AirGroupInfo.ini
		Campaigns\MissionSingle.cs = Campaigns\MissionSingle.cs
	EndProjectSection
EndProject
Project("{2150E333-8FDC-42A3-9474-1A3956D46DE8}") = "Adlerangriff", "Adlerangriff", "{E4CFEBBA-6807-4642-A5E8-4111BBA5B859}"
	ProjectSection(SolutionItems) = preProject
		Campaigns\Adlerangriff\CampaignInfo.ini = Campaigns\Adlerangriff\CampaignInfo.ini
		Campaigns\Adlerangriff\LW_OrderOfBattle_August1940.mis = Campaigns\Adlerangriff\LW_OrderOfBattle_August1940.mis
		Campaigns\Adlerangriff\MissionSingle.cs = Campaigns\Adlerangriff\MissionSingle.cs
		Campaigns\Adlerangriff\RAF_OrderOfBattle_August1940.mis = Campaigns\Adlerangriff\RAF_OrderOfBattle_August1940.mis
		Campaigns\Adlerangriff\StaticTemplate.mis = Campaigns\Adlerangriff\StaticTemplate.mis
		Campaigns\Adlerangriff\Summer1940.mis = Campaigns\Adlerangriff\Summer1940.mis
	EndProjectSection
EndProject
Project("{2150E333-8FDC-42A3-9474-1A3956D46DE8}") = "Kanalkampf", "Kanalkampf", "{85AF6006-C929-4478-AD67-FA895A2B51A7}"
	ProjectSection(SolutionItems) = preProject
		Campaigns\Kanalkampf\CampaignInfo.ini = Campaigns\Kanalkampf\CampaignInfo.ini
		Campaigns\Kanalkampf\LW_OrderOfBattle_August1940.mis = Campaigns\Kanalkampf\LW_OrderOfBattle_August1940.mis
		Campaigns\Kanalkampf\MissionSingle.cs = Campaigns\Kanalkampf\MissionSingle.cs
		Campaigns\Kanalkampf\RAF_OrderOfBattle_August1940.mis = Campaigns\Kanalkampf\RAF_OrderOfBattle_August1940.mis
		Campaigns\Kanalkampf\StaticTemplate.mis = Campaigns\Kanalkampf\StaticTemplate.mis
		Campaigns\Kanalkampf\Summer1940.mis = Campaigns\Kanalkampf\Summer1940.mis
	EndProjectSection
EndProject
Project("{2150E333-8FDC-42A3-9474-1A3956D46DE8}") = "Supply Wars", "Supply Wars", "{359B04C2-59DD-4167-9CEC-DB40A4B9772E}"
	ProjectSection(SolutionItems) = preProject
		Campaigns\Supply Wars\CampaignInfo.ini = Campaigns\Supply Wars\CampaignInfo.ini
		Campaigns\Supply Wars\MissionSingle.cs = Campaigns\Supply Wars\MissionSingle.cs
		Campaigns\Supply Wars\SupplyWars_Environment.mis = Campaigns\Supply Wars\SupplyWars_Environment.mis
		Campaigns\Supply Wars\SupplyWars_Initial.mis = Campaigns\Supply Wars\SupplyWars_Initial.mis
		Campaigns\Supply Wars\SupplyWars_Static.mis = Campaigns\Supply Wars\SupplyWars_Static.mis
	EndProjectSection
EndProject
Project("{2150E333-8FDC-42A3-9474-1A3956D46DE8}") = "Supply Wars.Tobruk", "Supply Wars.Tobruk", "{197175B4-BD2C-4289-9C47-CB4660DBF7B2}"
	ProjectSection(SolutionItems) = preProject
		Campaigns\Supply Wars.tobruk\CampaignInfo.ini = Campaigns\Supply Wars.tobruk\CampaignInfo.ini
		Campaigns\Supply Wars.tobruk\MissionSingle.cs = Campaigns\Supply Wars.tobruk\MissionSingle.cs
		Campaigns\Supply Wars.tobruk\SupplyWars_Environment.mis = Campaigns\Supply Wars.tobruk\SupplyWars_Environment.mis
		Campaigns\Supply Wars.tobruk\SupplyWars_Initial.mis = Campaigns\Supply Wars.tobruk\SupplyWars_Initial.mis
		Campaigns\Supply Wars.tobruk\SupplyWars_Static.mis = Campaigns\Supply Wars.tobruk\SupplyWars_Static.mis
	EndProjectSection
EndProject
Project("{2150E333-8FDC-42A3-9474-1A3956D46DE8}") = "ソリューション項目", "ソリューション項目", "{2022CB0F-8BAF-F49E-0C48-8EF4C96EC109}"
	ProjectSection(SolutionItems) = preProject
		..\LICENSE = ..\LICENSE
		..\README.md = ..\README.md
		..\readme_il2dce_silkyskyj.txt = ..\readme_il2dce_silkyskyj.txt
	EndProjectSection
EndProject
Project("{2150E333-8FDC-42A3-9474-1A3956D46DE8}") = "Cross v Roundel.Tobruk", "Cross v Roundel.Tobruk", "{1FDB8B49-2B70-4D7D-BA56-E5326F83D0CC}"
	ProjectSection(SolutionItems) = preProject
		Campaigns\Cross v Roundel.Tobruk\AircraftInfo.ini = Campaigns\Cross v Roundel.Tobruk\AircraftInfo.ini
		Campaigns\Cross v Roundel.Tobruk\AirGroupInfo.ini = Campaigns\Cross v Roundel.Tobruk\AirGroupInfo.ini
		Campaigns\Cross v Roundel.Tobruk\CampaignInfo.ini = Campaigns\Cross v Roundel.Tobruk\CampaignInfo.ini
		Campaigns\Cross v Roundel.Tobruk\Cross v Roundel.mis = Campaigns\Cross v Roundel.Tobruk\Cross v Roundel.mis
		Campaigns\Cross v Roundel.Tobruk\Cross v Roundel_environment.mis = Campaigns\Cross v Roundel.Tobruk\Cross v Roundel_environment.mis
		Campaigns\Cross v Roundel.Tobruk\Cross v Roundel_static.mis = Campaigns\Cross v Roundel.Tobruk\Cross v Roundel_static.mis
		Campaigns\Cross v Roundel.Tobruk\MissionSingle.cs = Campaigns\Cross v Roundel.Tobruk\MissionSingle.cs
	EndProjectSection
EndProject
Project("{2150E333-8FDC-42A3-9474-1A3956D46DE8}") = "Isles of Doom.Tobruk", "Isles of Doom.Tobruk", "{AE78E049-6049-43C3-A593-36D58E50EE47}"
	ProjectSection(SolutionItems) = preProject
		Campaigns\Isles of Doom.Tobruk\AircraftInfo.ini = Campaigns\Isles of Doom.Tobruk\AircraftInfo.ini
		Campaigns\Isles of Doom.Tobruk\AirGroupInfo.ini = Campaigns\Isles of Doom.Tobruk\AirGroupInfo.ini
		Campaigns\Isles of Doom.Tobruk\CampaignInfo.ini = Campaigns\Isles of Doom.Tobruk\CampaignInfo.ini
		Campaigns\Isles of Doom.Tobruk\Isles of Doom.mis = Campaigns\Isles of Doom.Tobruk\Isles of Doom.mis
		Campaigns\Isles of Doom.Tobruk\Isles of Doom_environment.mis = Campaigns\Isles of Doom.Tobruk\Isles of Doom_environment.mis
		Campaigns\Isles of Doom.Tobruk\Isles of Doom_static.mis = Campaigns\Isles of Doom.Tobruk\Isles of Doom_static.mis
		Campaigns\Isles of Doom.Tobruk\MissionSingle.cs = Campaigns\Isles of Doom.Tobruk\MissionSingle.cs
	EndProjectSection
EndProject
Project("{2150E333-8FDC-42A3-9474-1A3956D46DE8}") = "Steppe.Tobruk", "Steppe.Tobruk", "{F004BA31-3ED5-4669-90DE-CCBF5A31A90A}"
	ProjectSection(SolutionItems) = preProject
		Campaigns\Steppe.Tobruk\AircraftInfo.ini = Campaigns\Steppe.Tobruk\AircraftInfo.ini
		Campaigns\Steppe.Tobruk\AirGroupInfo.ini = Campaigns\Steppe.Tobruk\AirGroupInfo.ini
		Campaigns\Steppe.Tobruk\CampaignInfo.ini = Campaigns\Steppe.Tobruk\CampaignInfo.ini
		Campaigns\Steppe.Tobruk\MissionSingle.cs = Campaigns\Steppe.Tobruk\MissionSingle.cs
		Campaigns\Steppe.Tobruk\Steppe.Tobruk_Environment.mis = Campaigns\Steppe.Tobruk\Steppe.Tobruk_Environment.mis
		Campaigns\Steppe.Tobruk\Steppe.Tobruk_Initial.mis = Campaigns\Steppe.Tobruk\Steppe.Tobruk_Initial.mis
		Campaigns\Steppe.Tobruk\Steppe.Tobruk_Static.mis = Campaigns\Steppe.Tobruk\Steppe.Tobruk_Static.mis
	EndProjectSection
EndProject
Global
	GlobalSection(SolutionConfigurationPlatforms) = preSolution
		Debug|x64 = Debug|x64
		Release|x64 = Release|x64
	EndGlobalSection
	GlobalSection(ProjectConfigurationPlatforms) = postSolution
		{22442D49-0A77-4CBE-A1F3-9806958C10AE}.Debug|x64.ActiveCfg = Debug|x64
		{22442D49-0A77-4CBE-A1F3-9806958C10AE}.Debug|x64.Build.0 = Debug|x64
		{22442D49-0A77-4CBE-A1F3-9806958C10AE}.Release|x64.ActiveCfg = Release|x64
		{22442D49-0A77-4CBE-A1F3-9806958C10AE}.Release|x64.Build.0 = Release|x64
		{8E3CAD9B-322D-4ACF-9DEE-1609814111DB}.Debug|x64.ActiveCfg = Debug|x64
		{8E3CAD9B-322D-4ACF-9DEE-1609814111DB}.Debug|x64.Build.0 = Debug|x64
		{8E3CAD9B-322D-4ACF-9DEE-1609814111DB}.Release|x64.ActiveCfg = Release|x64
		{8E3CAD9B-322D-4ACF-9DEE-1609814111DB}.Release|x64.Build.0 = Release|x64
		{75E92407-3D44-4802-A09A-5ED7E6FEBC12}.Debug|x64.ActiveCfg = Debug|x64
		{75E92407-3D44-4802-A09A-5ED7E6FEBC12}.Debug|x64.Build.0 = Debug|x64
		{75E92407-3D44-4802-A09A-5ED7E6FEBC12}.Release|x64.ActiveCfg = Release|x64
		{75E92407-3D44-4802-A09A-5ED7E6FEBC12}.Release|x64.Build.0 = Release|x64
		{ECBA2DA0-44D1-4449-9240-E57F07460A14}.Debug|x64.ActiveCfg = Debug|x64
		{ECBA2DA0-44D1-4449-9240-E57F07460A14}.Debug|x64.Build.0 = Debug|x64
		{ECBA2DA0-44D1-4449-9240-E57F07460A14}.Release|x64.ActiveCfg = Release|x64
		{ECBA2DA0-44D1-4449-9240-E57F07460A14}.Release|x64.Build.0 = Release|x64
		{3D87D950-DFCE-C98F-A1B8-70E25A411D3C}.Debug|x64.ActiveCfg = Debug
		{3D87D950-DFCE-C98F-A1B8-70E25A411D3C}.Release|x64.ActiveCfg = Release
	EndGlobalSection
	GlobalSection(SolutionProperties) = preSolution
		HideSolutionNode = FALSE
	EndGlobalSection
	GlobalSection(NestedProjects) = preSolution
		{E4CFEBBA-6807-4642-A5E8-4111BBA5B859} = {DDB4EF12-CC4E-5E88-E6FC-71A802F4DE97}
		{85AF6006-C929-4478-AD67-FA895A2B51A7} = {DDB4EF12-CC4E-5E88-E6FC-71A802F4DE97}
		{359B04C2-59DD-4167-9CEC-DB40A4B9772E} = {DDB4EF12-CC4E-5E88-E6FC-71A802F4DE97}
		{197175B4-BD2C-4289-9C47-CB4660DBF7B2} = {DDB4EF12-CC4E-5E88-E6FC-71A802F4DE97}
		{1FDB8B49-2B70-4D7D-BA56-E5326F83D0CC} = {DDB4EF12-CC4E-5E88-E6FC-71A802F4DE97}
		{AE78E049-6049-43C3-A593-36D58E50EE47} = {DDB4EF12-CC4E-5E88-E6FC-71A802F4DE97}
		{F004BA31-3ED5-4669-90DE-CCBF5A31A90A} = {DDB4EF12-CC4E-5E88-E6FC-71A802F4DE97}
	EndGlobalSection
	GlobalSection(ExtensibilityGlobals) = postSolution
		SolutionGuid = {60E924F7-66B7-4DA3-884D-0E0FA7339A19}
	EndGlobalSection
EndGlobal
